
Microsoft Visual Studio Solution File, Format Version 12.00
# Visual Studio Version 17
VisualStudioVersion = 17.4.33403.182
MinimumVisualStudioVersion = 10.0.40219.1
Project("{FAE04EC0-301F-11D3-BF4B-00C04F79EFBC}") = "KnowledgeCheck2", "KnowledgeCheck2.csproj", "{C23ABEDB-EB97-4416-BDA2-CD38E622FD8A}"
EndProject
Global
	GlobalSection(SolutionConfigurationPlatforms) = preSolution
		Debug|Any CPU = Debug|Any CPU
		Release|Any CPU = Release|Any CPU
	EndGlobalSection
	GlobalSection(ProjectConfigurationPlatforms) = postSolution
		{C23ABEDB-EB97-4416-BDA2-CD38E622FD8A}.Debug|Any CPU.ActiveCfg = Debug|Any CPU
		{C23ABEDB-EB97-4416-BDA2-CD38E622FD8A}.Debug|Any CPU.Build.0 = Debug|Any CPU
		{C23ABEDB-EB97-4416-BDA2-CD38E622FD8A}.Release|Any CPU.ActiveCfg = Release|Any CPU
		{C23ABEDB-EB97-4416-BDA2-CD38E622FD8A}.Release|Any CPU.Build.0 = Release|Any CPU
	EndGlobalSection
	GlobalSection(SolutionProperties) = preSolution
		HideSolutionNode = FALSE
	EndGlobalSection
	GlobalSection(ExtensibilityGlobals) = postSolution
		SolutionGuid = {5E541EE2-21AA-4635-B47C-7A9AC6C379D3}
	EndGlobalSection
EndGlobal
